{
  "name": "Prithu-ProjectNew",
  "lockfileVersion": 3,
  "requires": true,
  "packages": {
    "": {
      "dependencies": {
        "corn": "^0.0.1",
        "node-cron": "^4.2.1"
      }
    },
    "node_modules/corn": {
      "version": "0.0.1",
      "resolved": "https://registry.npmjs.org/corn/-/corn-0.0.1.tgz",
      "integrity": "sha512-e/uRqdkWqq9IZcPSOH+4hdT5ZvrTZ/g3yHxe0rM/t4nmUWOu+VfeWoHnkIPxgA1AXaE832ExLMUtmaHpbC6c2g==",
      "engines": {
        "node": ">0.2"
      }
    },
    "node_modules/node-cron": {
      "version": "4.2.1",
      "resolved": "https://registry.npmjs.org/node-cron/-/node-cron-4.2.1.tgz",
      "integrity": "sha512-lgimEHPE/QDgFlywTd8yTR61ptugX3Qer29efeyWw2rv259HtGBNn1vZVmp8lB9uo9wC0t/AT4iGqXxia+CJFg==",
      "license": "ISC",
      "engines": {
        "node": ">=6.0.0"
      }
    }
  }
}
